// !$*UTF8*$!
{
	archiveVersion = 1;
	classes = {
	};
	objectVersion = 56;
	objects = {

/* Begin PBXBuildFile section */
		009A8AFA2BCDBE0C00CE1D20 /* eBankUIApp.swift in Sources */ = {isa = PBXBuildFile; fileRef = 009A8AF92BCDBE0C00CE1D20 /* eBankUIApp.swift */; };
		009A8AFC2BCDBE0C00CE1D20 /* ContentView.swift in Sources */ = {isa = PBXBuildFile; fileRef = 009A8AFB2BCDBE0C00CE1D20 /* ContentView.swift */; };
		009A8AFE2BCDBE0E00CE1D20 /* Assets.xcassets in Resources */ = {isa = PBXBuildFile; fileRef = 009A8AFD2BCDBE0E00CE1D20 /* Assets.xcassets */; };
		009A8B012BCDBE0E00CE1D20 /* Preview Assets.xcassets in Resources */ = {isa = PBXBuildFile; fileRef = 009A8B002BCDBE0E00CE1D20 /* Preview Assets.xcassets */; };
		009A8B0B2BCDBE0E00CE1D20 /* eBankUITests.swift in Sources */ = {isa = PBXBuildFile; fileRef = 009A8B0A2BCDBE0E00CE1D20 /* eBankUITests.swift */; };
		009A8B152BCDBE0E00CE1D20 /* eBankUIUITests.swift in Sources */ = {isa = PBXBuildFile; fileRef = 009A8B142BCDBE0E00CE1D20 /* eBankUIUITests.swift */; };
		009A8B172BCDBE0E00CE1D20 /* eBankUIUITestsLaunchTests.swift in Sources */ = {isa = PBXBuildFile; fileRef = 009A8B162BCDBE0E00CE1D20 /* eBankUIUITestsLaunchTests.swift */; };
		009A8B242BCDBE3E00CE1D20 /* DashBoardView.swift in Sources */ = {isa = PBXBuildFile; fileRef = 009A8B232BCDBE3E00CE1D20 /* DashBoardView.swift */; };
		009A8B262BCDBE5600CE1D20 /* StringVars.swift in Sources */ = {isa = PBXBuildFile; fileRef = 009A8B252BCDBE5600CE1D20 /* StringVars.swift */; };
		009A8B282BCDCB6200CE1D20 /* CircularChart.swift in Sources */ = {isa = PBXBuildFile; fileRef = 009A8B272BCDCB6200CE1D20 /* CircularChart.swift */; };
		009A8B2A2BCDD22B00CE1D20 /* AnalyticsView.swift in Sources */ = {isa = PBXBuildFile; fileRef = 009A8B292BCDD22B00CE1D20 /* AnalyticsView.swift */; };
/* End PBXBuildFile section */

/* Begin PBXContainerItemProxy section */
		009A8B072BCDBE0E00CE1D20 /* PBXContainerItemProxy */ = {
			isa = PBXContainerItemProxy;
			containerPortal = 009A8AEE2BCDBE0C00CE1D20 /* Project object */;
			proxyType = 1;
			remoteGlobalIDString = 009A8AF52BCDBE0C00CE1D20;
			remoteInfo = eBankUI;
		};
		009A8B112BCDBE0E00CE1D20 /* PBXContainerItemProxy */ = {
			isa = PBXContainerItemProxy;
			containerPortal = 009A8AEE2BCDBE0C00CE1D20 /* Project object */;
			proxyType = 1;
			remoteGlobalIDString = 009A8AF52BCDBE0C00CE1D20;
			remoteInfo = eBankUI;
		};
/* End PBXContainerItemProxy section */

/* Begin PBXFileReference section */
		009A8AF62BCDBE0C00CE1D20 /* eBankUI.app */ = {isa = PBXFileReference; explicitFileType = wrapper.application; includeInIndex = 0; path = eBankUI.app; sourceTree = BUILT_PRODUCTS_DIR; };
		009A8AF92BCDBE0C00CE1D20 /* eBankUIApp.swift */ = {isa = PBXFileReference; lastKnownFileType = sourcecode.swift; path = eBankUIApp.swift; sourceTree = "<group>"; };
		009A8AFB2BCDBE0C00CE1D20 /* ContentView.swift */ = {isa = PBXFileReference; lastKnownFileType = sourcecode.swift; path = ContentView.swift; sourceTree = "<group>"; };
		009A8AFD2BCDBE0E00CE1D20 /* Assets.xcassets */ = {isa = PBXFileReference; lastKnownFileType = folder.assetcatalog; path = Assets.xcassets; sourceTree = "<group>"; };
		009A8B002BCDBE0E00CE1D20 /* Preview Assets.xcassets */ = {isa = PBXFileReference; lastKnownFileType = folder.assetcatalog; path = "Preview Assets.xcassets"; sourceTree = "<group>"; };
		009A8B062BCDBE0E00CE1D20 /* eBankUITests.xctest */ = {isa = PBXFileReference; explicitFileType = wrapper.cfbundle; includeInIndex = 0; path = eBankUITests.xctest; sourceTree = BUILT_PRODUCTS_DIR; };
		009A8B0A2BCDBE0E00CE1D20 /* eBankUITests.swift */ = {isa = PBXFileReference; lastKnownFileType = sourcecode.swift; path = eBankUITests.swift; sourceTree = "<group>"; };
		009A8B102BCDBE0E00CE1D20 /* eBankUIUITests.xctest */ = {isa = PBXFileReference; explicitFileType = wrapper.cfbundle; includeInIndex = 0; path = eBankUIUITests.xctest; sourceTree = BUILT_PRODUCTS_DIR; };
		009A8B142BCDBE0E00CE1D20 /* eBankUIUITests.swift */ = {isa = PBXFileReference; lastKnownFileType = sourcecode.swift; path = eBankUIUITests.swift; sourceTree = "<group>"; };
		009A8B162BCDBE0E00CE1D20 /* eBankUIUITestsLaunchTests.swift */ = {isa = PBXFileReference; lastKnownFileType = sourcecode.swift; path = eBankUIUITestsLaunchTests.swift; sourceTree = "<group>"; };
		009A8B232BCDBE3E00CE1D20 /* DashBoardView.swift */ = {isa = PBXFileReference; lastKnownFileType = sourcecode.swift; path = DashBoardView.swift; sourceTree = "<group>"; };
		009A8B252BCDBE5600CE1D20 /* StringVars.swift */ = {isa = PBXFileReference; lastKnownFileType = sourcecode.swift; path = StringVars.swift; sourceTree = "<group>"; };
		009A8B272BCDCB6200CE1D20 /* CircularChart.swift */ = {isa = PBXFileReference; lastKnownFileType = sourcecode.swift; path = CircularChart.swift; sourceTree = "<group>"; };
		009A8B292BCDD22B00CE1D20 /* AnalyticsView.swift */ = {isa = PBXFileReference; lastKnownFileType = sourcecode.swift; path = AnalyticsView.swift; sourceTree = "<group>"; };
/* End PBXFileReference section */

/* Begin PBXFrameworksBuildPhase section */
		009A8AF32BCDBE0C00CE1D20 /* Frameworks */ = {
			isa = PBXFrameworksBuildPhase;
			buildActionMask = 2147483647;
			files = (
			);
			runOnlyForDeploymentPostprocessing = 0;
		};
		009A8B032BCDBE0E00CE1D20 /* Frameworks */ = {
			isa = PBXFrameworksBuildPhase;
			buildActionMask = 2147483647;
			files = (
			);
			runOnlyForDeploymentPostprocessing = 0;
		};
		009A8B0D2BCDBE0E00CE1D20 /* Frameworks */ = {
			isa = PBXFrameworksBuildPhase;
			buildActionMask = 2147483647;
			files = (
			);
			runOnlyForDeploymentPostprocessing = 0;
		};
/* End PBXFrameworksBuildPhase section */

/* Begin PBXGroup section */
		009A8AED2BCDBE0C00CE1D20 = {
			isa = PBXGroup;
			children = (
				009A8AF82BCDBE0C00CE1D20 /* eBankUI */,
				009A8B092BCDBE0E00CE1D20 /* eBankUITests */,
				009A8B132BCDBE0E00CE1D20 /* eBankUIUITests */,
				009A8AF72BCDBE0C00CE1D20 /* Products */,
			);
			sourceTree = "<group>";
		};
		009A8AF72BCDBE0C00CE1D20 /* Products */ = {
			isa = PBXGroup;
			children = (
				009A8AF62BCDBE0C00CE1D20 /* eBankUI.app */,
				009A8B062BCDBE0E00CE1D20 /* eBankUITests.xctest */,
				009A8B102BCDBE0E00CE1D20 /* eBankUIUITests.xctest */,
			);
			name = Products;
			sourceTree = "<group>";
		};
		009A8AF82BCDBE0C00CE1D20 /* eBankUI */ = {
			isa = PBXGroup;
			children = (
				009A8AF92BCDBE0C00CE1D20 /* eBankUIApp.swift */,
				009A8AFB2BCDBE0C00CE1D20 /* ContentView.swift */,
				009A8B232BCDBE3E00CE1D20 /* DashBoardView.swift */,
				009A8B292BCDD22B00CE1D20 /* AnalyticsView.swift */,
				009A8B272BCDCB6200CE1D20 /* CircularChart.swift */,
				009A8B252BCDBE5600CE1D20 /* StringVars.swift */,
				009A8AFD2BCDBE0E00CE1D20 /* Assets.xcassets */,
				009A8AFF2BCDBE0E00CE1D20 /* Preview Content */,
			);
			path = eBankUI;
			sourceTree = "<group>";
		};
		009A8AFF2BCDBE0E00CE1D20 /* Preview Content */ = {
			isa = PBXGroup;
			children = (
				009A8B002BCDBE0E00CE1D20 /* Preview Assets.xcassets */,
			);
			path = "Preview Content";
			sourceTree = "<group>";
		};
		009A8B092BCDBE0E00CE1D20 /* eBankUITests */ = {
			isa = PBXGroup;
			children = (
				009A8B0A2BCDBE0E00CE1D20 /* eBankUITests.swift */,
			);
			path = eBankUITests;
			sourceTree = "<group>";
		};
		009A8B132BCDBE0E00CE1D20 /* eBankUIUITests */ = {
			isa = PBXGroup;
			children = (
				009A8B142BCDBE0E00CE1D20 /* eBankUIUITests.swift */,
				009A8B162BCDBE0E00CE1D20 /* eBankUIUITestsLaunchTests.swift */,
			);
			path = eBankUIUITests;
			sourceTree = "<group>";
		};
/* End PBXGroup section */

/* Begin PBXNativeTarget section */
		009A8AF52BCDBE0C00CE1D20 /* eBankUI */ = {
			isa = PBXNativeTarget;
			buildConfigurationList = 009A8B1A2BCDBE0E00CE1D20 /* Build configuration list for PBXNativeTarget "eBankUI" */;
			buildPhases = (
				009A8AF22BCDBE0C00CE1D20 /* Sources */,
				009A8AF32BCDBE0C00CE1D20 /* Frameworks */,
				009A8AF42BCDBE0C00CE1D20 /* Resources */,
			);
			buildRules = (
			);
			dependencies = (
			);
			name = eBankUI;
			productName = eBankUI;
			productReference = 009A8AF62BCDBE0C00CE1D20 /* eBankUI.app */;
			productType = "com.apple.product-type.application";
		};
		009A8B052BCDBE0E00CE1D20 /* eBankUITests */ = {
			isa = PBXNativeTarget;
			buildConfigurationList = 009A8B1D2BCDBE0E00CE1D20 /* Build configuration list for PBXNativeTarget "eBankUITests" */;
			buildPhases = (
				009A8B022BCDBE0E00CE1D20 /* Sources */,
				009A8B032BCDBE0E00CE1D20 /* Frameworks */,
				009A8B042BCDBE0E00CE1D20 /* Resources */,
			);
			buildRules = (
			);
			dependencies = (
				009A8B082BCDBE0E00CE1D20 /* PBXTargetDependency */,
			);
			name = eBankUITests;
			productName = eBankUITests;
			productReference = 009A8B062BCDBE0E00CE1D20 /* eBankUITests.xctest */;
			productType = "com.apple.product-type.bundle.unit-test";
		};
		009A8B0F2BCDBE0E00CE1D20 /* eBankUIUITests */ = {
			isa = PBXNativeTarget;
			buildConfigurationList = 009A8B202BCDBE0E00CE1D20 /* Build configuration list for PBXNativeTarget "eBankUIUITests" */;
			buildPhases = (
				009A8B0C2BCDBE0E00CE1D20 /* Sources */,
				009A8B0D2BCDBE0E00CE1D20 /* Frameworks */,
				009A8B0E2BCDBE0E00CE1D20 /* Resources */,
			);
			buildRules = (
			);
			dependencies = (
				009A8B122BCDBE0E00CE1D20 /* PBXTargetDependency */,
			);
			name = eBankUIUITests;
			productName = eBankUIUITests;
			productReference = 009A8B102BCDBE0E00CE1D20 /* eBankUIUITests.xctest */;
			productType = "com.apple.product-type.bundle.ui-testing";
		};
/* End PBXNativeTarget section */

/* Begin PBXProject section */
		009A8AEE2BCDBE0C00CE1D20 /* Project object */ = {
			isa = PBXProject;
			attributes = {
				BuildIndependentTargetsInParallel = 1;
				LastSwiftUpdateCheck = 1530;
				LastUpgradeCheck = 1530;
				TargetAttributes = {
					009A8AF52BCDBE0C00CE1D20 = {
						CreatedOnToolsVersion = 15.3;
					};
					009A8B052BCDBE0E00CE1D20 = {
						CreatedOnToolsVersion = 15.3;
						TestTargetID = 009A8AF52BCDBE0C00CE1D20;
					};
					009A8B0F2BCDBE0E00CE1D20 = {
						CreatedOnToolsVersion = 15.3;
						TestTargetID = 009A8AF52BCDBE0C00CE1D20;
					};
				};
			};
			buildConfigurationList = 009A8AF12BCDBE0C00CE1D20 /* Build configuration list for PBXProject "eBankUI" */;
			compatibilityVersion = "Xcode 14.0";
			developmentRegion = en;
			hasScannedForEncodings = 0;
			knownRegions = (
				en,
				Base,
			);
			mainGroup = 009A8AED2BCDBE0C00CE1D20;
			productRefGroup = 009A8AF72BCDBE0C00CE1D20 /* Products */;
			projectDirPath = "";
			projectRoot = "";
			targets = (
				009A8AF52BCDBE0C00CE1D20 /* eBankUI */,
				009A8B052BCDBE0E00CE1D20 /* eBankUITests */,
				009A8B0F2BCDBE0E00CE1D20 /* eBankUIUITests */,
			);
		};
/* End PBXProject section */

/* Begin PBXResourcesBuildPhase section */
		009A8AF42BCDBE0C00CE1D20 /* Resources */ = {
			isa = PBXResourcesBuildPhase;
			buildActionMask = 2147483647;
			files = (
				009A8B012BCDBE0E00CE1D20 /* Preview Assets.xcassets in Resources */,
				009A8AFE2BCDBE0E00CE1D20 /* Assets.xcassets in Resources */,
			);
			runOnlyForDeploymentPostprocessing = 0;
		};
		009A8B042BCDBE0E00CE1D20 /* Resources */ = {
			isa = PBXResourcesBuildPhase;
			buildActionMask = 2147483647;
			files = (
			);
			runOnlyForDeploymentPostprocessing = 0;
		};
		009A8B0E2BCDBE0E00CE1D20 /* Resources */ = {
			isa = PBXResourcesBuildPhase;
			buildActionMask = 2147483647;
			files = (
			);
			runOnlyForDeploymentPostprocessing = 0;
		};
/* End PBXResourcesBuildPhase section */

/* Begin PBXSourcesBuildPhase section */
		009A8AF22BCDBE0C00CE1D20 /* Sources */ = {
			isa = PBXSourcesBuildPhase;
			buildActionMask = 2147483647;
			files = (
				009A8B282BCDCB6200CE1D20 /* CircularChart.swift in Sources */,
				009A8B242BCDBE3E00CE1D20 /* DashBoardView.swift in Sources */,
				009A8AFC2BCDBE0C00CE1D20 /* ContentView.swift in Sources */,
				009A8B2A2BCDD22B00CE1D20 /* AnalyticsView.swift in Sources */,
				009A8B262BCDBE5600CE1D20 /* StringVars.swift in Sources */,
				009A8AFA2BCDBE0C00CE1D20 /* eBankUIApp.swift in Sources */,
			);
			runOnlyForDeploymentPostprocessing = 0;
		};
		009A8B022BCDBE0E00CE1D20 /* Sources */ = {
			isa = PBXSourcesBuildPhase;
			buildActionMask = 2147483647;
			files = (
				009A8B0B2BCDBE0E00CE1D20 /* eBankUITests.swift in Sources */,
			);
			runOnlyForDeploymentPostprocessing = 0;
		};
		009A8B0C2BCDBE0E00CE1D20 /* Sources */ = {
			isa = PBXSourcesBuildPhase;
			buildActionMask = 2147483647;
			files = (
				009A8B172BCDBE0E00CE1D20 /* eBankUIUITestsLaunchTests.swift in Sources */,
				009A8B152BCDBE0E00CE1D20 /* eBankUIUITests.swift in Sources */,
			);
			runOnlyForDeploymentPostprocessing = 0;
		};
/* End PBXSourcesBuildPhase section */

/* Begin PBXTargetDependency section */
		009A8B082BCDBE0E00CE1D20 /* PBXTargetDependency */ = {
			isa = PBXTargetDependency;
			target = 009A8AF52BCDBE0C00CE1D20 /* eBankUI */;
			targetProxy = 009A8B072BCDBE0E00CE1D20 /* PBXContainerItemProxy */;
		};
		009A8B122BCDBE0E00CE1D20 /* PBXTargetDependency */ = {
			isa = PBXTargetDependency;
			target = 009A8AF52BCDBE0C00CE1D20 /* eBankUI */;
			targetProxy = 009A8B112BCDBE0E00CE1D20 /* PBXContainerItemProxy */;
		};
/* End PBXTargetDependency section */

/* Begin XCBuildConfiguration section */
		009A8B182BCDBE0E00CE1D20 /* Debug */ = {
			isa = XCBuildConfiguration;
			buildSettings = {
				ALWAYS_SEARCH_USER_PATHS = NO;
				ASSETCATALOG_COMPILER_GENERATE_SWIFT_ASSET_SYMBOL_EXTENSIONS = YES;
				CLANG_ANALYZER_NONNULL = YES;
				CLANG_ANALYZER_NUMBER_OBJECT_CONVERSION = YES_AGGRESSIVE;
				CLANG_CXX_LANGUAGE_STANDARD = "gnu++20";
				CLANG_ENABLE_MODULES = YES;
				CLANG_ENABLE_OBJC_ARC = YES;
				CLANG_ENABLE_OBJC_WEAK = YES;
				CLANG_WARN_BLOCK_CAPTURE_AUTORELEASING = YES;
				CLANG_WARN_BOOL_CONVERSION = YES;
				CLANG_WARN_COMMA = YES;
				CLANG_WARN_CONSTANT_CONVERSION = YES;
				CLANG_WARN_DEPRECATED_OBJC_IMPLEMENTATIONS = YES;
				CLANG_WARN_DIRECT_OBJC_ISA_USAGE = YES_ERROR;
				CLANG_WARN_DOCUMENTATION_COMMENTS = YES;
				CLANG_WARN_EMPTY_BODY = YES;
				CLANG_WARN_ENUM_CONVERSION = YES;
				CLANG_WARN_INFINITE_RECURSION = YES;
				CLANG_WARN_INT_CONVERSION = YES;
				CLANG_WARN_NON_LITERAL_NULL_CONVERSION = YES;
				CLANG_WARN_OBJC_IMPLICIT_RETAIN_SELF = YES;
				CLANG_WARN_OBJC_LITERAL_CONVERSION = YES;
				CLANG_WARN_OBJC_ROOT_CLASS = YES_ERROR;
				CLANG_WARN_QUOTED_INCLUDE_IN_FRAMEWORK_HEADER = YES;
				CLANG_WARN_RANGE_LOOP_ANALYSIS = YES;
				CLANG_WARN_STRICT_PROTOTYPES = YES;
				CLANG_WARN_SUSPICIOUS_MOVE = YES;
				CLANG_WARN_UNGUARDED_AVAILABILITY = YES_AGGRESSIVE;
				CLANG_WARN_UNREACHABLE_CODE = YES;
				CLANG_WARN__DUPLICATE_METHOD_MATCH = YES;
				COPY_PHASE_STRIP = NO;
				DEBUG_INFORMATION_FORMAT = dwarf;
				ENABLE_STRICT_OBJC_MSGSEND = YES;
				ENABLE_TESTABILITY = YES;
				ENABLE_USER_SCRIPT_SANDBOXING = YES;
				GCC_C_LANGUAGE_STANDARD = gnu17;
				GCC_DYNAMIC_NO_PIC = NO;
				GCC_NO_COMMON_BLOCKS = YES;
				GCC_OPTIMIZATION_LEVEL = 0;
				GCC_PREPROCESSOR_DEFINITIONS = (
					"DEBUG=1",
					"$(inherited)",
				);
				GCC_WARN_64_TO_32_BIT_CONVERSION = YES;
				GCC_WARN_ABOUT_RETURN_TYPE = YES_ERROR;
				GCC_WARN_UNDECLARED_SELECTOR = YES;
				GCC_WARN_UNINITIALIZED_AUTOS = YES_AGGRESSIVE;
				GCC_WARN_UNUSED_FUNCTION = YES;
				GCC_WARN_UNUSED_VARIABLE = YES;
				IPHONEOS_DEPLOYMENT_TARGET = 17.4;
				LOCALIZATION_PREFERS_STRING_CATALOGS = YES;
				MTL_ENABLE_DEBUG_INFO = INCLUDE_SOURCE;
				MTL_FAST_MATH = YES;
				ONLY_ACTIVE_ARCH = YES;
				SDKROOT = iphoneos;
				SWIFT_ACTIVE_COMPILATION_CONDITIONS = "DEBUG $(inherited)";
				SWIFT_OPTIMIZATION_LEVEL = "-Onone";
			};
			name = Debug;
		};
		009A8B192BCDBE0E00CE1D20 /* Release */ = {
			isa = XCBuildConfiguration;
			buildSettings = {
				ALWAYS_SEARCH_USER_PATHS = NO;
				ASSETCATALOG_COMPILER_GENERATE_SWIFT_ASSET_SYMBOL_EXTENSIONS = YES;
				CLANG_ANALYZER_NONNULL = YES;
				CLANG_ANALYZER_NUMBER_OBJECT_CONVERSION = YES_AGGRESSIVE;
				CLANG_CXX_LANGUAGE_STANDARD = "gnu++20";
				CLANG_ENABLE_MODULES = YES;
				CLANG_ENABLE_OBJC_ARC = YES;
				CLANG_ENABLE_OBJC_WEAK = YES;
				CLANG_WARN_BLOCK_CAPTURE_AUTORELEASING = YES;
				CLANG_WARN_BOOL_CONVERSION = YES;
				CLANG_WARN_COMMA = YES;
				CLANG_WARN_CONSTANT_CONVERSION = YES;
				CLANG_WARN_DEPRECATED_OBJC_IMPLEMENTATIONS = YES;
				CLANG_WARN_DIRECT_OBJC_ISA_USAGE = YES_ERROR;
				CLANG_WARN_DOCUMENTATION_COMMENTS = YES;
				CLANG_WARN_EMPTY_BODY = YES;
				CLANG_WARN_ENUM_CONVERSION = YES;
				CLANG_WARN_INFINITE_RECURSION = YES;
				CLANG_WARN_INT_CONVERSION = YES;
				CLANG_WARN_NON_LITERAL_NULL_CONVERSION = YES;
				CLANG_WARN_OBJC_IMPLICIT_RETAIN_SELF = YES;
				CLANG_WARN_OBJC_LITERAL_CONVERSION = YES;
				CLANG_WARN_OBJC_ROOT_CLASS = YES_ERROR;
				CLANG_WARN_QUOTED_INCLUDE_IN_FRAMEWORK_HEADER = YES;
				CLANG_WARN_RANGE_LOOP_ANALYSIS = YES;
				CLANG_WARN_STRICT_PROTOTYPES = YES;
				CLANG_WARN_SUSPICIOUS_MOVE = YES;
				CLANG_WARN_UNGUARDED_AVAILABILITY = YES_AGGRESSIVE;
				CLANG_WARN_UNREACHABLE_CODE = YES;
				CLANG_WARN__DUPLICATE_METHOD_MATCH = YES;
				COPY_PHASE_STRIP = NO;
				DEBUG_INFORMATION_FORMAT = "dwarf-with-dsym";
				ENABLE_NS_ASSERTIONS = NO;
				ENABLE_STRICT_OBJC_MSGSEND = YES;
				ENABLE_USER_SCRIPT_SANDBOXING = YES;
				GCC_C_LANGUAGE_STANDARD = gnu17;
				GCC_NO_COMMON_BLOCKS = YES;
				GCC_WARN_64_TO_32_BIT_CONVERSION = YES;
				GCC_WARN_ABOUT_RETURN_TYPE = YES_ERROR;
				GCC_WARN_UNDECLARED_SELECTOR = YES;
				GCC_WARN_UNINITIALIZED_AUTOS = YES_AGGRESSIVE;
				GCC_WARN_UNUSED_FUNCTION = YES;
				GCC_WARN_UNUSED_VARIABLE = YES;
				IPHONEOS_DEPLOYMENT_TARGET = 17.4;
				LOCALIZATION_PREFERS_STRING_CATALOGS = YES;
				MTL_ENABLE_DEBUG_INFO = NO;
				MTL_FAST_MATH = YES;
				SDKROOT = iphoneos;
				SWIFT_COMPILATION_MODE = wholemodule;
				VALIDATE_PRODUCT = YES;
			};
			name = Release;
		};
		009A8B1B2BCDBE0E00CE1D20 /* Debug */ = {
			isa = XCBuildConfiguration;
			buildSettings = {
				ASSETCATALOG_COMPILER_APPICON_NAME = AppIcon;
				ASSETCATALOG_COMPILER_GLOBAL_ACCENT_COLOR_NAME = AccentColor;
				CODE_SIGN_STYLE = Automatic;
				CURRENT_PROJECT_VERSION = 1;
				DEVELOPMENT_ASSET_PATHS = "\"eBankUI/Preview Content\"";
				DEVELOPMENT_TEAM = 4D86239DJ7;
				ENABLE_PREVIEWS = YES;
				GENERATE_INFOPLIST_FILE = YES;
				INFOPLIST_KEY_UIApplicationSceneManifest_Generation = YES;
				INFOPLIST_KEY_UIApplicationSupportsIndirectInputEvents = YES;
				INFOPLIST_KEY_UILaunchScreen_Generation = YES;
				INFOPLIST_KEY_UISupportedInterfaceOrientations_iPad = "UIInterfaceOrientationPortrait UIInterfaceOrientationPortraitUpsideDown UIInterfaceOrientationLandscapeLeft UIInterfaceOrientationLandscapeRight";
				INFOPLIST_KEY_UISupportedInterfaceOrientations_iPhone = "UIInterfaceOrientationPortrait UIInterfaceOrientationLandscapeLeft UIInterfaceOrientationLandscapeRight";
				LD_RUNPATH_SEARCH_PATHS = (
					"$(inherited)",
					"@executable_path/Frameworks",
				);
				MARKETING_VERSION = 1.0;
				PRODUCT_BUNDLE_IDENTIFIER = xyz.everythingthairu.eBankUI;
				PRODUCT_NAME = "$(TARGET_NAME)";
				SWIFT_EMIT_LOC_STRINGS = YES;
				SWIFT_VERSION = 5.0;
				TARGETED_DEVICE_FAMILY = "1,2";
			};
			name = Debug;
		};
		009A8B1C2BCDBE0E00CE1D20 /* Release */ = {
			isa = XCBuildConfiguration;
			buildSettings = {
				ASSETCATALOG_COMPILER_APPICON_NAME = AppIcon;
				ASSETCATALOG_COMPILER_GLOBAL_ACCENT_COLOR_NAME = AccentColor;
				CODE_SIGN_STYLE = Automatic;
				CURRENT_PROJECT_VERSION = 1;
				DEVELOPMENT_ASSET_PATHS = "\"eBankUI/Preview Content\"";
				DEVELOPMENT_TEAM = 4D86239DJ7;
				ENABLE_PREVIEWS = YES;
				GENERATE_INFOPLIST_FILE = YES;
				INFOPLIST_KEY_UIApplicationSceneManifest_Generation = YES;
				INFOPLIST_KEY_UIApplicationSupportsIndirectInputEvents = YES;
				INFOPLIST_KEY_UILaunchScreen_Generation = YES;
				INFOPLIST_KEY_UISupportedInterfaceOrientations_iPad = "UIInterfaceOrientationPortrait UIInterfaceOrientationPortraitUpsideDown UIInterfaceOrientationLandscapeLeft UIInterfaceOrientationLandscapeRight";
				INFOPLIST_KEY_UISupportedInterfaceOrientations_iPhone = "UIInterfaceOrientationPortrait UIInterfaceOrientationLandscapeLeft UIInterfaceOrientationLandscapeRight";
				LD_RUNPATH_SEARCH_PATHS = (
					"$(inherited)",
					"@executable_path/Frameworks",
				);
				MARKETING_VERSION = 1.0;
				PRODUCT_BUNDLE_IDENTIFIER = xyz.everythingthairu.eBankUI;
				PRODUCT_NAME = "$(TARGET_NAME)";
				SWIFT_EMIT_LOC_STRINGS = YES;
				SWIFT_VERSION = 5.0;
				TARGETED_DEVICE_FAMILY = "1,2";
			};
			name = Release;
		};
		009A8B1E2BCDBE0E00CE1D20 /* Debug */ = {
			isa = XCBuildConfiguration;
			buildSettings = {
				ALWAYS_EMBED_SWIFT_STANDARD_LIBRARIES = YES;
				BUNDLE_LOADER = "$(TEST_HOST)";
				CODE_SIGN_STYLE = Automatic;
				CURRENT_PROJECT_VERSION = 1;
				DEVELOPMENT_TEAM = 4D86239DJ7;
				GENERATE_INFOPLIST_FILE = YES;
				IPHONEOS_DEPLOYMENT_TARGET = 17.4;
				MARKETING_VERSION = 1.0;
				PRODUCT_BUNDLE_IDENTIFIER = xyz.everythingthairu.eBankUITests;
				PRODUCT_NAME = "$(TARGET_NAME)";
				SWIFT_EMIT_LOC_STRINGS = NO;
				SWIFT_VERSION = 5.0;
				TARGETED_DEVICE_FAMILY = "1,2";
				TEST_HOST = "$(BUILT_PRODUCTS_DIR)/eBankUI.app/$(BUNDLE_EXECUTABLE_FOLDER_PATH)/eBankUI";
			};
			name = Debug;
		};
		009A8B1F2BCDBE0E00CE1D20 /* Release */ = {
			isa = XCBuildConfiguration;
			buildSettings = {
				ALWAYS_EMBED_SWIFT_STANDARD_LIBRARIES = YES;
				BUNDLE_LOADER = "$(TEST_HOST)";
				CODE_SIGN_STYLE = Automatic;
				CURRENT_PROJECT_VERSION = 1;
				DEVELOPMENT_TEAM = 4D86239DJ7;
				GENERATE_INFOPLIST_FILE = YES;
				IPHONEOS_DEPLOYMENT_TARGET = 17.4;
				MARKETING_VERSION = 1.0;
				PRODUCT_BUNDLE_IDENTIFIER = xyz.everythingthairu.eBankUITests;
				PRODUCT_NAME = "$(TARGET_NAME)";
				SWIFT_EMIT_LOC_STRINGS = NO;
				SWIFT_VERSION = 5.0;
				TARGETED_DEVICE_FAMILY = "1,2";
				TEST_HOST = "$(BUILT_PRODUCTS_DIR)/eBankUI.app/$(BUNDLE_EXECUTABLE_FOLDER_PATH)/eBankUI";
			};
			name = Release;
		};
		009A8B212BCDBE0E00CE1D20 /* Debug */ = {
			isa = XCBuildConfiguration;
			buildSettings = {
				ALWAYS_EMBED_SWIFT_STANDARD_LIBRARIES = YES;
				CODE_SIGN_STYLE = Automatic;
				CURRENT_PROJECT_VERSION = 1;
				DEVELOPMENT_TEAM = 4D86239DJ7;
				GENERATE_INFOPLIST_FILE = YES;
				MARKETING_VERSION = 1.0;
				PRODUCT_BUNDLE_IDENTIFIER = xyz.everythingthairu.eBankUIUITests;
				PRODUCT_NAME = "$(TARGET_NAME)";
				SWIFT_EMIT_LOC_STRINGS = NO;
				SWIFT_VERSION = 5.0;
				TARGETED_DEVICE_FAMILY = "1,2";
				TEST_TARGET_NAME = eBankUI;
			};
			name = Debug;
		};
		009A8B222BCDBE0E00CE1D20 /* Release */ = {
			isa = XCBuildConfiguration;
			buildSettings = {
				ALWAYS_EMBED_SWIFT_STANDARD_LIBRARIES = YES;
				CODE_SIGN_STYLE = Automatic;
				CURRENT_PROJECT_VERSION = 1;
				DEVELOPMENT_TEAM = 4D86239DJ7;
				GENERATE_INFOPLIST_FILE = YES;
				MARKETING_VERSION = 1.0;
				PRODUCT_BUNDLE_IDENTIFIER = xyz.everythingthairu.eBankUIUITests;
				PRODUCT_NAME = "$(TARGET_NAME)";
				SWIFT_EMIT_LOC_STRINGS = NO;
				SWIFT_VERSION = 5.0;
				TARGETED_DEVICE_FAMILY = "1,2";
				TEST_TARGET_NAME = eBankUI;
			};
			name = Release;
		};
/* End XCBuildConfiguration section */

/* Begin XCConfigurationList section */
		009A8AF12BCDBE0C00CE1D20 /* Build configuration list for PBXProject "eBankUI" */ = {
			isa = XCConfigurationList;
			buildConfigurations = (
				009A8B182BCDBE0E00CE1D20 /* Debug */,
				009A8B192BCDBE0E00CE1D20 /* Release */,
			);
			defaultConfigurationIsVisible = 0;
			defaultConfigurationName = Release;
		};
		009A8B1A2BCDBE0E00CE1D20 /* Build configuration list for PBXNativeTarget "eBankUI" */ = {
			isa = XCConfigurationList;
			buildConfigurations = (
				009A8B1B2BCDBE0E00CE1D20 /* Debug */,
				009A8B1C2BCDBE0E00CE1D20 /* Release */,
			);
			defaultConfigurationIsVisible = 0;
			defaultConfigurationName = Release;
		};
		009A8B1D2BCDBE0E00CE1D20 /* Build configuration list for PBXNativeTarget "eBankUITests" */ = {
			isa = XCConfigurationList;
			buildConfigurations = (
				009A8B1E2BCDBE0E00CE1D20 /* Debug */,
				009A8B1F2BCDBE0E00CE1D20 /* Release */,
			);
			defaultConfigurationIsVisible = 0;
			defaultConfigurationName = Release;
		};
		009A8B202BCDBE0E00CE1D20 /* Build configuration list for PBXNativeTarget "eBankUIUITests" */ = {
			isa = XCConfigurationList;
			buildConfigurations = (
				009A8B212BCDBE0E00CE1D20 /* Debug */,
				009A8B222BCDBE0E00CE1D20 /* Release */,
			);
			defaultConfigurationIsVisible = 0;
			defaultConfigurationName = Release;
		};
/* End XCConfigurationList section */
	};
	rootObject = 009A8AEE2BCDBE0C00CE1D20 /* Project object */;
}
